
Microsoft Visual Studio Solution File, Format Version 12.00
# Visual Studio Version 17
VisualStudioVersion = 17.7.33808.371
MinimumVisualStudioVersion = 10.0.40219.1
Project("{9A19103F-16F7-4668-BE54-9A1E7A4F7556}") = "BlueFire.Toolkit.Sample.WinUI3", "BlueFire.Toolkit.Sample.WinUI3\BlueFire.Toolkit.Sample.WinUI3.csproj", "{50813075-CE6F-4B26-8A3E-6269ABE50FA3}"
EndProject
Project("{2150E333-8FDC-42A3-9474-1A3956D46DE8}") = "docs", "docs", "{EC858D89-69CB-4058-9A71-0219B0CC5797}"
	ProjectSection(SolutionItems) = preProject
		..\..\LICENSE = ..\..\LICENSE
	EndProjectSection
EndProject
Project("{9A19103F-16F7-4668-BE54-9A1E7A4F7556}") = "BlueFire.Toolkit.WinUI3.Test", "BlueFire.Toolkit.WinUI3.Test\BlueFire.Toolkit.WinUI3.Test.csproj", "{1A944339-BD32-4EAA-B6BD-552CE821D2C9}"
EndProject
Project("{9A19103F-16F7-4668-BE54-9A1E7A4F7556}") = "BlueFire.Toolkit.WinUI3", "BlueFire.Toolkit.WinUI3\BlueFire.Toolkit.WinUI3.csproj", "{9BEC4C83-3B79-4632-AC48-6A5D4AEA8060}"
EndProject
Project("{9A19103F-16F7-4668-BE54-9A1E7A4F7556}") = "BlueFire.Toolkit.WinUI3.Core", "BlueFire.Toolkit.WinUI3.Core\BlueFire.Toolkit.WinUI3.Core.csproj", "{C60653AE-92C5-40FA-9A3F-A20A3397E937}"
EndProject
Project("{9A19103F-16F7-4668-BE54-9A1E7A4F7556}") = "BlueFire.Toolkit.WinUI3.NativeMethods", "BlueFire.Toolkit.WinUI3.NativeMethods\BlueFire.Toolkit.WinUI3.NativeMethods.csproj", "{56CF4C80-8094-4968-B1E7-321F353CC9FE}"
EndProject
Global
	GlobalSection(SolutionConfigurationPlatforms) = preSolution
		Debug|Any CPU = Debug|Any CPU
		Debug|ARM64 = Debug|ARM64
		Debug|x64 = Debug|x64
		Debug|x86 = Debug|x86
		Release|Any CPU = Release|Any CPU
		Release|ARM64 = Release|ARM64
		Release|x64 = Release|x64
		Release|x86 = Release|x86
	EndGlobalSection
	GlobalSection(ProjectConfigurationPlatforms) = postSolution
		{50813075-CE6F-4B26-8A3E-6269ABE50FA3}.Debug|Any CPU.ActiveCfg = Debug|x64
		{50813075-CE6F-4B26-8A3E-6269ABE50FA3}.Debug|Any CPU.Build.0 = Debug|x64
		{50813075-CE6F-4B26-8A3E-6269ABE50FA3}.Debug|Any CPU.Deploy.0 = Debug|x64
		{50813075-CE6F-4B26-8A3E-6269ABE50FA3}.Debug|ARM64.ActiveCfg = Debug|ARM64
		{50813075-CE6F-4B26-8A3E-6269ABE50FA3}.Debug|ARM64.Build.0 = Debug|ARM64
		{50813075-CE6F-4B26-8A3E-6269ABE50FA3}.Debug|ARM64.Deploy.0 = Debug|ARM64
		{50813075-CE6F-4B26-8A3E-6269ABE50FA3}.Debug|x64.ActiveCfg = Debug|x64
		{50813075-CE6F-4B26-8A3E-6269ABE50FA3}.Debug|x64.Build.0 = Debug|x64
		{50813075-CE6F-4B26-8A3E-6269ABE50FA3}.Debug|x64.Deploy.0 = Debug|x64
		{50813075-CE6F-4B26-8A3E-6269ABE50FA3}.Debug|x86.ActiveCfg = Debug|x86
		{50813075-CE6F-4B26-8A3E-6269ABE50FA3}.Debug|x86.Build.0 = Debug|x86
		{50813075-CE6F-4B26-8A3E-6269ABE50FA3}.Debug|x86.Deploy.0 = Debug|x86
		{50813075-CE6F-4B26-8A3E-6269ABE50FA3}.Release|Any CPU.ActiveCfg = Release|x64
		{50813075-CE6F-4B26-8A3E-6269ABE50FA3}.Release|Any CPU.Build.0 = Release|x64
		{50813075-CE6F-4B26-8A3E-6269ABE50FA3}.Release|Any CPU.Deploy.0 = Release|x64
		{50813075-CE6F-4B26-8A3E-6269ABE50FA3}.Release|ARM64.ActiveCfg = Release|ARM64
		{50813075-CE6F-4B26-8A3E-6269ABE50FA3}.Release|ARM64.Build.0 = Release|ARM64
		{50813075-CE6F-4B26-8A3E-6269ABE50FA3}.Release|ARM64.Deploy.0 = Release|ARM64
		{50813075-CE6F-4B26-8A3E-6269ABE50FA3}.Release|x64.ActiveCfg = Release|x64
		{50813075-CE6F-4B26-8A3E-6269ABE50FA3}.Release|x64.Build.0 = Release|x64
		{50813075-CE6F-4B26-8A3E-6269ABE50FA3}.Release|x64.Deploy.0 = Release|x64
		{50813075-CE6F-4B26-8A3E-6269ABE50FA3}.Release|x86.ActiveCfg = Release|x86
		{50813075-CE6F-4B26-8A3E-6269ABE50FA3}.Release|x86.Build.0 = Release|x86
		{50813075-CE6F-4B26-8A3E-6269ABE50FA3}.Release|x86.Deploy.0 = Release|x86
		{1A944339-BD32-4EAA-B6BD-552CE821D2C9}.Debug|Any CPU.ActiveCfg = Debug|Any CPU
		{1A944339-BD32-4EAA-B6BD-552CE821D2C9}.Debug|Any CPU.Build.0 = Debug|Any CPU
		{1A944339-BD32-4EAA-B6BD-552CE821D2C9}.Debug|ARM64.ActiveCfg = Debug|ARM64
		{1A944339-BD32-4EAA-B6BD-552CE821D2C9}.Debug|ARM64.Build.0 = Debug|ARM64
		{1A944339-BD32-4EAA-B6BD-552CE821D2C9}.Debug|x64.ActiveCfg = Debug|x64
		{1A944339-BD32-4EAA-B6BD-552CE821D2C9}.Debug|x64.Build.0 = Debug|x64
		{1A944339-BD32-4EAA-B6BD-552CE821D2C9}.Debug|x86.ActiveCfg = Debug|x86
		{1A944339-BD32-4EAA-B6BD-552CE821D2C9}.Debug|x86.Build.0 = Debug|x86
		{1A944339-BD32-4EAA-B6BD-552CE821D2C9}.Release|Any CPU.ActiveCfg = Release|Any CPU
		{1A944339-BD32-4EAA-B6BD-552CE821D2C9}.Release|Any CPU.Build.0 = Release|Any CPU
		{1A944339-BD32-4EAA-B6BD-552CE821D2C9}.Release|ARM64.ActiveCfg = Release|ARM64
		{1A944339-BD32-4EAA-B6BD-552CE821D2C9}.Release|ARM64.Build.0 = Release|ARM64
		{1A944339-BD32-4EAA-B6BD-552CE821D2C9}.Release|x64.ActiveCfg = Release|x64
		{1A944339-BD32-4EAA-B6BD-552CE821D2C9}.Release|x64.Build.0 = Release|x64
		{1A944339-BD32-4EAA-B6BD-552CE821D2C9}.Release|x86.ActiveCfg = Release|x86
		{1A944339-BD32-4EAA-B6BD-552CE821D2C9}.Release|x86.Build.0 = Release|x86
		{9BEC4C83-3B79-4632-AC48-6A5D4AEA8060}.Debug|Any CPU.ActiveCfg = Debug|Any CPU
		{9BEC4C83-3B79-4632-AC48-6A5D4AEA8060}.Debug|Any CPU.Build.0 = Debug|Any CPU
		{9BEC4C83-3B79-4632-AC48-6A5D4AEA8060}.Debug|ARM64.ActiveCfg = Debug|ARM64
		{9BEC4C83-3B79-4632-AC48-6A5D4AEA8060}.Debug|ARM64.Build.0 = Debug|ARM64
		{9BEC4C83-3B79-4632-AC48-6A5D4AEA8060}.Debug|x64.ActiveCfg = Debug|x64
		{9BEC4C83-3B79-4632-AC48-6A5D4AEA8060}.Debug|x64.Build.0 = Debug|x64
		{9BEC4C83-3B79-4632-AC48-6A5D4AEA8060}.Debug|x86.ActiveCfg = Debug|x86
		{9BEC4C83-3B79-4632-AC48-6A5D4AEA8060}.Debug|x86.Build.0 = Debug|x86
		{9BEC4C83-3B79-4632-AC48-6A5D4AEA8060}.Release|Any CPU.ActiveCfg = Release|Any CPU
		{9BEC4C83-3B79-4632-AC48-6A5D4AEA8060}.Release|Any CPU.Build.0 = Release|Any CPU
		{9BEC4C83-3B79-4632-AC48-6A5D4AEA8060}.Release|ARM64.ActiveCfg = Release|ARM64
		{9BEC4C83-3B79-4632-AC48-6A5D4AEA8060}.Release|ARM64.Build.0 = Release|ARM64
		{9BEC4C83-3B79-4632-AC48-6A5D4AEA8060}.Release|x64.ActiveCfg = Release|x64
		{9BEC4C83-3B79-4632-AC48-6A5D4AEA8060}.Release|x64.Build.0 = Release|x64
		{9BEC4C83-3B79-4632-AC48-6A5D4AEA8060}.Release|x86.ActiveCfg = Release|x86
		{9BEC4C83-3B79-4632-AC48-6A5D4AEA8060}.Release|x86.Build.0 = Release|x86
		{C60653AE-92C5-40FA-9A3F-A20A3397E937}.Debug|Any CPU.ActiveCfg = Debug|Any CPU
		{C60653AE-92C5-40FA-9A3F-A20A3397E937}.Debug|Any CPU.Build.0 = Debug|Any CPU
		{C60653AE-92C5-40FA-9A3F-A20A3397E937}.Debug|ARM64.ActiveCfg = Debug|ARM64
		{C60653AE-92C5-40FA-9A3F-A20A3397E937}.Debug|ARM64.Build.0 = Debug|ARM64
		{C60653AE-92C5-40FA-9A3F-A20A3397E937}.Debug|x64.ActiveCfg = Debug|x64
		{C60653AE-92C5-40FA-9A3F-A20A3397E937}.Debug|x64.Build.0 = Debug|x64
		{C60653AE-92C5-40FA-9A3F-A20A3397E937}.Debug|x86.ActiveCfg = Debug|x86
		{C60653AE-92C5-40FA-9A3F-A20A3397E937}.Debug|x86.Build.0 = Debug|x86
		{C60653AE-92C5-40FA-9A3F-A20A3397E937}.Release|Any CPU.ActiveCfg = Release|Any CPU
		{C60653AE-92C5-40FA-9A3F-A20A3397E937}.Release|Any CPU.Build.0 = Release|Any CPU
		{C60653AE-92C5-40FA-9A3F-A20A3397E937}.Release|ARM64.ActiveCfg = Release|ARM64
		{C60653AE-92C5-40FA-9A3F-A20A3397E937}.Release|ARM64.Build.0 = Release|ARM64
		{C60653AE-92C5-40FA-9A3F-A20A3397E937}.Release|x64.ActiveCfg = Release|x64
		{C60653AE-92C5-40FA-9A3F-A20A3397E937}.Release|x64.Build.0 = Release|x64
		{C60653AE-92C5-40FA-9A3F-A20A3397E937}.Release|x86.ActiveCfg = Release|x86
		{C60653AE-92C5-40FA-9A3F-A20A3397E937}.Release|x86.Build.0 = Release|x86
		{56CF4C80-8094-4968-B1E7-321F353CC9FE}.Debug|Any CPU.ActiveCfg = Debug|Any CPU
		{56CF4C80-8094-4968-B1E7-321F353CC9FE}.Debug|Any CPU.Build.0 = Debug|Any CPU
		{56CF4C80-8094-4968-B1E7-321F353CC9FE}.Debug|ARM64.ActiveCfg = Debug|ARM64
		{56CF4C80-8094-4968-B1E7-321F353CC9FE}.Debug|ARM64.Build.0 = Debug|ARM64
		{56CF4C80-8094-4968-B1E7-321F353CC9FE}.Debug|x64.ActiveCfg = Debug|x64
		{56CF4C80-8094-4968-B1E7-321F353CC9FE}.Debug|x64.Build.0 = Debug|x64
		{56CF4C80-8094-4968-B1E7-321F353CC9FE}.Debug|x86.ActiveCfg = Debug|x86
		{56CF4C80-8094-4968-B1E7-321F353CC9FE}.Debug|x86.Build.0 = Debug|x86
		{56CF4C80-8094-4968-B1E7-321F353CC9FE}.Release|Any CPU.ActiveCfg = Release|Any CPU
		{56CF4C80-8094-4968-B1E7-321F353CC9FE}.Release|Any CPU.Build.0 = Release|Any CPU
		{56CF4C80-8094-4968-B1E7-321F353CC9FE}.Release|ARM64.ActiveCfg = Release|ARM64
		{56CF4C80-8094-4968-B1E7-321F353CC9FE}.Release|ARM64.Build.0 = Release|ARM64
		{56CF4C80-8094-4968-B1E7-321F353CC9FE}.Release|x64.ActiveCfg = Release|x64
		{56CF4C80-8094-4968-B1E7-321F353CC9FE}.Release|x64.Build.0 = Release|x64
		{56CF4C80-8094-4968-B1E7-321F353CC9FE}.Release|x86.ActiveCfg = Release|x86
		{56CF4C80-8094-4968-B1E7-321F353CC9FE}.Release|x86.Build.0 = Release|x86
	EndGlobalSection
	GlobalSection(SolutionProperties) = preSolution
		HideSolutionNode = FALSE
	EndGlobalSection
	GlobalSection(ExtensibilityGlobals) = postSolution
		SolutionGuid = {C1434811-78B4-4771-9170-359EE623D132}
	EndGlobalSection
EndGlobal
